
Microsoft Visual Studio Solution File, Format Version 12.00
# Visual Studio Version 17
VisualStudioVersion = 17.5.33516.290
MinimumVisualStudioVersion = 10.0.40219.1
Project("{9A19103F-16F7-4668-BE54-9A1E7A4F7556}") = "Laba2", "Laba2\Laba2.csproj", "{4BB18BDD-9E35-4EB9-9E9C-11D3E6955A0B}"
EndProject
Project("{FAE04EC0-301F-11D3-BF4B-00C04F79EFBC}") = "Laba2.Tests", "Laba2.Tests\Laba2.Tests.csproj", "{9324B48A-3E81-478D-A936-03DE3538DE89}"
EndProject
Project("{FAE04EC0-301F-11D3-BF4B-00C04F79EFBC}") = "Calculator", "Calculator\Calculator.csproj", "{CF2D646C-4130-482F-BC4B-E85F0CEA6499}"
EndProject
Global
	GlobalSection(SolutionConfigurationPlatforms) = preSolution
		Debug|Any CPU = Debug|Any CPU
		Release|Any CPU = Release|Any CPU
	EndGlobalSection
	GlobalSection(ProjectConfigurationPlatforms) = postSolution
		{4BB18BDD-9E35-4EB9-9E9C-11D3E6955A0B}.Debug|Any CPU.ActiveCfg = Debug|Any CPU
		{4BB18BDD-9E35-4EB9-9E9C-11D3E6955A0B}.Debug|Any CPU.Build.0 = Debug|Any CPU
		{4BB18BDD-9E35-4EB9-9E9C-11D3E6955A0B}.Release|Any CPU.ActiveCfg = Release|Any CPU
		{4BB18BDD-9E35-4EB9-9E9C-11D3E6955A0B}.Release|Any CPU.Build.0 = Release|Any CPU
		{9324B48A-3E81-478D-A936-03DE3538DE89}.Debug|Any CPU.ActiveCfg = Debug|Any CPU
		{9324B48A-3E81-478D-A936-03DE3538DE89}.Debug|Any CPU.Build.0 = Debug|Any CPU
		{9324B48A-3E81-478D-A936-03DE3538DE89}.Release|Any CPU.ActiveCfg = Release|Any CPU
		{9324B48A-3E81-478D-A936-03DE3538DE89}.Release|Any CPU.Build.0 = Release|Any CPU
		{CF2D646C-4130-482F-BC4B-E85F0CEA6499}.Debug|Any CPU.ActiveCfg = Debug|Any CPU
		{CF2D646C-4130-482F-BC4B-E85F0CEA6499}.Debug|Any CPU.Build.0 = Debug|Any CPU
		{CF2D646C-4130-482F-BC4B-E85F0CEA6499}.Release|Any CPU.ActiveCfg = Release|Any CPU
		{CF2D646C-4130-482F-BC4B-E85F0CEA6499}.Release|Any CPU.Build.0 = Release|Any CPU
	EndGlobalSection
	GlobalSection(SolutionProperties) = preSolution
		HideSolutionNode = FALSE
	EndGlobalSection
	GlobalSection(ExtensibilityGlobals) = postSolution
		SolutionGuid = {2256FBC1-F38D-430F-B39E-39477A25C8A4}
	EndGlobalSection
EndGlobal
