
Microsoft Visual Studio Solution File, Format Version 12.00
# Visual Studio Version 17
VisualStudioVersion = 17.6.33815.320
MinimumVisualStudioVersion = 10.0.40219.1
Project("{9A19103F-16F7-4668-BE54-9A1E7A4F7556}") = "Lab2", "Lab2\Lab2.csproj", "{1F4C94CF-0ACD-4B93-B40C-3958D590A96E}"
EndProject
Project("{FAE04EC0-301F-11D3-BF4B-00C04F79EFBC}") = "Lab2.Test", "Lab2.test\Lab2.Test.csproj", "{28CD0899-068A-4EE6-BAE0-8EC075FE90B9}"
EndProject
Global
	GlobalSection(SolutionConfigurationPlatforms) = preSolution
		Debug|Any CPU = Debug|Any CPU
		Release|Any CPU = Release|Any CPU
	EndGlobalSection
	GlobalSection(ProjectConfigurationPlatforms) = postSolution
		{1F4C94CF-0ACD-4B93-B40C-3958D590A96E}.Debug|Any CPU.ActiveCfg = Debug|Any CPU
		{1F4C94CF-0ACD-4B93-B40C-3958D590A96E}.Debug|Any CPU.Build.0 = Debug|Any CPU
		{1F4C94CF-0ACD-4B93-B40C-3958D590A96E}.Release|Any CPU.ActiveCfg = Release|Any CPU
		{1F4C94CF-0ACD-4B93-B40C-3958D590A96E}.Release|Any CPU.Build.0 = Release|Any CPU
		{28CD0899-068A-4EE6-BAE0-8EC075FE90B9}.Debug|Any CPU.ActiveCfg = Debug|Any CPU
		{28CD0899-068A-4EE6-BAE0-8EC075FE90B9}.Debug|Any CPU.Build.0 = Debug|Any CPU
		{28CD0899-068A-4EE6-BAE0-8EC075FE90B9}.Release|Any CPU.ActiveCfg = Release|Any CPU
		{28CD0899-068A-4EE6-BAE0-8EC075FE90B9}.Release|Any CPU.Build.0 = Release|Any CPU
	EndGlobalSection
	GlobalSection(SolutionProperties) = preSolution
		HideSolutionNode = FALSE
	EndGlobalSection
	GlobalSection(ExtensibilityGlobals) = postSolution
		SolutionGuid = {DFFB67E2-2A74-4B6E-997D-F1EB376BFAA2}
	EndGlobalSection
EndGlobal
