
Microsoft Visual Studio Solution File, Format Version 12.00
# Visual Studio Version 17
VisualStudioVersion = 17.7.34031.279
MinimumVisualStudioVersion = 10.0.40219.1
Project("{FAE04EC0-301F-11D3-BF4B-00C04F79EFBC}") = "laba3", "laba3\laba3.csproj", "{647F1AE1-CC1F-447D-ABC3-BCD872266FB8}"
EndProject
Global
	GlobalSection(SolutionConfigurationPlatforms) = preSolution
		Debug|Any CPU = Debug|Any CPU
		Release|Any CPU = Release|Any CPU
	EndGlobalSection
	GlobalSection(ProjectConfigurationPlatforms) = postSolution
		{647F1AE1-CC1F-447D-ABC3-BCD872266FB8}.Debug|Any CPU.ActiveCfg = Debug|Any CPU
		{647F1AE1-CC1F-447D-ABC3-BCD872266FB8}.Debug|Any CPU.Build.0 = Debug|Any CPU
		{647F1AE1-CC1F-447D-ABC3-BCD872266FB8}.Release|Any CPU.ActiveCfg = Release|Any CPU
		{647F1AE1-CC1F-447D-ABC3-BCD872266FB8}.Release|Any CPU.Build.0 = Release|Any CPU
	EndGlobalSection
	GlobalSection(SolutionProperties) = preSolution
		HideSolutionNode = FALSE
	EndGlobalSection
	GlobalSection(ExtensibilityGlobals) = postSolution
		SolutionGuid = {7D69BAD9-CB6B-4309-A5CD-4219F20FFC40}
	EndGlobalSection
EndGlobal
